lockfileVersion: '6.0'

settings:
  autoInstallPeers: true
  excludeLinksFromLockfile: false

importers:

  .:
    devDependencies:
      turbo:
        specifier: 1.12.0
        version: 1.12.0

  apps/apps-a:
    dependencies:
      pkg-a:
        specifier: workspace:*
        version: link:../../packages/pkg-a
      tooling-config:
        specifier: workspace:*
        version: link:../../packages/tooling-config

  apps/apps-a/apps-b:
    dependencies:
      tooling-config:
        specifier: workspace:*
        version: link:../../../packages/tooling-config

  packages/pkg-a:
    dependencies:
      tooling-config:
        specifier: workspace:*
        version: link:../tooling-config

  packages/pkg-b:
    dependencies:
      tooling-config:
        specifier: workspace:*
        version: link:../tooling-config

  packages/tooling-config: {}

packages:

  /turbo-darwin-64@1.12.0:
    resolution: {integrity: sha512-z3zZPFQAPO+vBks7Ybir33ovaJP8U/Ikr/NMGsewHsL5SjetHsd9ZAs6G1zBbAgWXcy7COpgWZbQF0Giq/6hJA==}
    cpu: [x64]
    os: [darwin]
    requiresBuild: true
    dev: true
    optional: true

  /turbo-darwin-arm64@1.12.0:
    resolution: {integrity: sha512-vVDDjw7rjVHB+S/CrHiDoAMXWsqjG7mVCCXWvL8AhDhTT1u4a3KS2dWsqUFprbzC1X4cHnzmGktXfAo8ro5Mng==}
    cpu: [arm64]
    os: [darwin]
    requiresBuild: true
    dev: true
    optional: true

  /turbo-linux-64@1.12.0:
    resolution: {integrity: sha512-CQMr/B9T1d5JCOgCQk/EX3oUzlNlgUdMaH1is7eU8lBz+NIc1vbC9bunNwgFcM+WsjZORk4ffvYjKx49VtmOkQ==}
    cpu: [x64]
    os: [linux]
    requiresBuild: true
    dev: true
    optional: true

  /turbo-linux-arm64@1.12.0:
    resolution: {integrity: sha512-sDHezEXcZjZ+aRIN5gzCH0qQjfSnHvnmN5Rr/V+TAk+SeyALh7uRcUxzTrWcl85sK4qDLna9o7bkllgtXXy8LA==}
    cpu: [arm64]
    os: [linux]
    requiresBuild: true
    dev: true
    optional: true

  /turbo-windows-64@1.12.0:
    resolution: {integrity: sha512-yPkL+mRmG22q5V1qRWJkt/U/qK3dYUUiw4aHrmaNm9+5vzDxcZo2Ft60AZsyrl2HMFI6aHBZOjCct/a2Jmc14g==}
    cpu: [x64]
    os: [win32]
    requiresBuild: true
    dev: true
    optional: true

  /turbo-windows-arm64@1.12.0:
    resolution: {integrity: sha512-v0O71TaAja9l3W7DEnHRhehUatgNfu4B24QNBEkHyR6B0w8pxNB1Vorv9auubXMcZzP/nhwtsQTM6U2ZINAd6A==}
    cpu: [arm64]
    os: [win32]
    requiresBuild: true
    dev: true
    optional: true

  /turbo@1.12.0:
    resolution: {integrity: sha512-gOrh05sU7Njws7MMklBH71TZNx0LLGD+sjp+o4d/m4cngQ6r9/l7/+fZichXd4suh8Id700p9aTMiF80uh69Xg==}
    hasBin: true
    optionalDependencies:
      turbo-darwin-64: 1.12.0
      turbo-darwin-arm64: 1.12.0
      turbo-linux-64: 1.12.0
      turbo-linux-arm64: 1.12.0
      turbo-windows-64: 1.12.0
      turbo-windows-arm64: 1.12.0
    dev: true
